
Microsoft Visual Studio Solution File, Format Version 12.00
# Visual Studio Version 17
VisualStudioVersion = 17.13.35825.156 d17.13
MinimumVisualStudioVersion = 10.0.40219.1
Project("{FAE04EC0-301F-11D3-BF4B-00C04F79EFBC}") = "ProgramConsole", "Console\ProgramConsole.csproj", "{FA2FE0A7-FA18-46CA-93FD-92FC746C2AD0}"
EndProject
Project("{FAE04EC0-301F-11D3-BF4B-00C04F79EFBC}") = "Web", "Web\Web.csproj", "{2906C823-2985-4C2F-86CC-6224E54309C1}"
EndProject
Project("{FAE04EC0-301F-11D3-BF4B-00C04F79EFBC}") = "Lib", "Lib\Lib.csproj", "{A94DB084-3683-4E91-8186-507A6FBA0CE0}"
EndProject
Global
	GlobalSection(SolutionConfigurationPlatforms) = preSolution
		Debug|Any CPU = Debug|Any CPU
		Release|Any CPU = Release|Any CPU
	EndGlobalSection
	GlobalSection(ProjectConfigurationPlatforms) = postSolution
		{FA2FE0A7-FA18-46CA-93FD-92FC746C2AD0}.Debug|Any CPU.ActiveCfg = Debug|Any CPU
		{FA2FE0A7-FA18-46CA-93FD-92FC746C2AD0}.Debug|Any CPU.Build.0 = Debug|Any CPU
		{FA2FE0A7-FA18-46CA-93FD-92FC746C2AD0}.Release|Any CPU.ActiveCfg = Release|Any CPU
		{FA2FE0A7-FA18-46CA-93FD-92FC746C2AD0}.Release|Any CPU.Build.0 = Release|Any CPU
		{2906C823-2985-4C2F-86CC-6224E54309C1}.Debug|Any CPU.ActiveCfg = Debug|Any CPU
		{2906C823-2985-4C2F-86CC-6224E54309C1}.Debug|Any CPU.Build.0 = Debug|Any CPU
		{2906C823-2985-4C2F-86CC-6224E54309C1}.Release|Any CPU.ActiveCfg = Release|Any CPU
		{2906C823-2985-4C2F-86CC-6224E54309C1}.Release|Any CPU.Build.0 = Release|Any CPU
		{A94DB084-3683-4E91-8186-507A6FBA0CE0}.Debug|Any CPU.ActiveCfg = Debug|Any CPU
		{A94DB084-3683-4E91-8186-507A6FBA0CE0}.Debug|Any CPU.Build.0 = Debug|Any CPU
		{A94DB084-3683-4E91-8186-507A6FBA0CE0}.Release|Any CPU.ActiveCfg = Release|Any CPU
		{A94DB084-3683-4E91-8186-507A6FBA0CE0}.Release|Any CPU.Build.0 = Release|Any CPU
	EndGlobalSection
	GlobalSection(SolutionProperties) = preSolution
		HideSolutionNode = FALSE
	EndGlobalSection
	GlobalSection(ExtensibilityGlobals) = postSolution
		SolutionGuid = {2F132461-E189-4728-BE00-8D971D3003AA}
	EndGlobalSection
EndGlobal
